Microsoft Visual Studio Solution File, Format Version 12.00
# Visual Studio Version 16
VisualStudioVersion = 16.0.30330.147
MinimumVisualStudioVersion = 10.0.40219.1
Project("{FAE04EC0-301F-11D3-BF4B-00C04F79EFBC}") = "Print", "Print.csproj", "{75091A8B-B79A-4219-BD13-38E0CF1FB99E}"
EndProject
Global
	GlobalSection(SolutionConfigurationPlatforms) = preSolution
		Debug|Any CPU = Debug|Any CPU
		Release|Any CPU = Release|Any CPU
	EndGlobalSection
	GlobalSection(ProjectConfigurationPlatforms) = postSolution
		{75091A8B-B79A-4219-BD13-38E0CF1FB99E}.Debug|Any CPU.ActiveCfg = Debug|Any CPU
		{75091A8B-B79A-4219-BD13-38E0CF1FB99E}.Debug|Any CPU.Build.0 = Debug|Any CPU
		{75091A8B-B79A-4219-BD13-38E0CF1FB99E}.Release|Any CPU.ActiveCfg = Release|Any CPU
		{75091A8B-B79A-4219-BD13-38E0CF1FB99E}.Release|Any CPU.Build.0 = Release|Any CPU
	EndGlobalSection
	GlobalSection(SolutionProperties) = preSolution
		HideSolutionNode = FALSE
	EndGlobalSection
	GlobalSection(ExtensibilityGlobals) = postSolution
		SolutionGuid = {C552B529-81A0-4A70-B971-3A667D6FD7E8}
	EndGlobalSection
EndGlobal
